
Microsoft Visual Studio Solution File, Format Version 12.00
# Visual Studio Version 17
VisualStudioVersion = 17.8.34330.188
MinimumVisualStudioVersion = 10.0.40219.1
Project("{FAE04EC0-301F-11D3-BF4B-00C04F79EFBC}") = "AudioAPI", "AudioAPI\AudioAPI.csproj", "{ED0B9A7A-9455-468E-B654-F19B019D65A7}"
EndProject
Project("{FAE04EC0-301F-11D3-BF4B-00C04F79EFBC}") = "ClientProject", "ClientProject\ClientProject.csproj", "{258E5536-1D1A-4C24-A372-DA80F1F3E2C8}"
EndProject
Global
	GlobalSection(SolutionConfigurationPlatforms) = preSolution
		Debug|Any CPU = Debug|Any CPU
		Release|Any CPU = Release|Any CPU
	EndGlobalSection
	GlobalSection(ProjectConfigurationPlatforms) = postSolution
		{ED0B9A7A-9455-468E-B654-F19B019D65A7}.Debug|Any CPU.ActiveCfg = Debug|Any CPU
		{ED0B9A7A-9455-468E-B654-F19B019D65A7}.Debug|Any CPU.Build.0 = Debug|Any CPU
		{ED0B9A7A-9455-468E-B654-F19B019D65A7}.Release|Any CPU.ActiveCfg = Release|Any CPU
		{ED0B9A7A-9455-468E-B654-F19B019D65A7}.Release|Any CPU.Build.0 = Release|Any CPU
		{258E5536-1D1A-4C24-A372-DA80F1F3E2C8}.Debug|Any CPU.ActiveCfg = Debug|Any CPU
		{258E5536-1D1A-4C24-A372-DA80F1F3E2C8}.Debug|Any CPU.Build.0 = Debug|Any CPU
		{258E5536-1D1A-4C24-A372-DA80F1F3E2C8}.Release|Any CPU.ActiveCfg = Release|Any CPU
		{258E5536-1D1A-4C24-A372-DA80F1F3E2C8}.Release|Any CPU.Build.0 = Release|Any CPU
	EndGlobalSection
	GlobalSection(SolutionProperties) = preSolution
		HideSolutionNode = FALSE
	EndGlobalSection
	GlobalSection(ExtensibilityGlobals) = postSolution
		SolutionGuid = {A296F3B9-01EC-445E-8590-D7F255A76AC4}
	EndGlobalSection
EndGlobal
